PODS:
  - Differentiator (5.0.0)
  - Nimble (9.2.1)
  - Quick (4.0.0)
  - ReactorKit (3.1.0):
    - RxSwift (~> 6.0)
    - WeakMapTable (~> 1.1)
  - Reusable (4.1.2):
    - Reusable/Storyboard (= 4.1.2)
    - Reusable/View (= 4.1.2)
  - Reusable/Storyboard (4.1.2)
  - Reusable/View (4.1.2)
  - RxCocoa (6.2.0):
    - RxRelay (= 6.2.0)
    - RxSwift (= 6.2.0)
  - RxDataSources (5.0.0):
    - Differentiator (~> 5.0)
    - RxCocoa (~> 6.0)
    - RxSwift (~> 6.0)
  - RxRelay (6.2.0):
    - RxSwift (= 6.2.0)
  - RxSwift (6.2.0)
  - RxSwiftExt (6.0.1):
    - RxSwiftExt/Core (= 6.0.1)
    - RxSwiftExt/RxCocoa (= 6.0.1)
  - RxSwiftExt/Core (6.0.1):
    - RxSwift (~> 6.0)
  - RxSwiftExt/RxCocoa (6.0.1):
    - RxCocoa (~> 6.0)
    - RxSwiftExt/Core
  - RxTest (6.2.0):
    - RxSwift (= 6.2.0)
  - SwiftLint (0.44.0)
  - Then (2.7.0)
  - WeakMapTable (1.2.0)

DEPENDENCIES:
  - Nimble
  - Quick
  - ReactorKit
  - Reusable
  - RxCocoa
  - RxDataSources
  - RxSwift
  - RxSwiftExt
  - RxTest
  - SwiftLint
  - Then

SPEC REPOS:
  trunk:
    - Differentiator
    - Nimble
    - Quick
    - ReactorKit
    - Reusable
    - RxCocoa
    - RxDataSources
    - RxRelay
    - RxSwift
    - RxSwiftExt
    - RxTest
    - SwiftLint
    - Then
    - WeakMapTable

SPEC CHECKSUMS:
  Differentiator: e8497ceab83c1b10ca233716d547b9af21b9344d
  Nimble: e7e615c0335ee4bf5b0d786685451e62746117d5
  Quick: 6473349e43b9271a8d43839d9ba1c442ed1b7ac4
  ReactorKit: a06dd2a5c9339287aedf3dc821cfab6347eca106
  Reusable: 6bae6a5e8aa793c9c441db0213c863a64bce9136
  RxCocoa: 4baf94bb35f2c0ab31bc0cb9f1900155f646ba42
  RxDataSources: aa47cc1ed6c500fa0dfecac5c979b723542d79cf
  RxRelay: e72dbfd157807478401ef1982e1c61c945c94b2f
  RxSwift: d356ab7bee873611322f134c5f9ef379fa183d8f
  RxSwiftExt: d61c4b9b06e0a448041b1c659e0f1b5c5a035afc
  RxTest: 0c692fa672b694373ba86d2b00033595297a2831
  SwiftLint: e96c0a8c770c7ebbc4d36c55baf9096bb65c4584
  Then: acfe0be7e98221c6204e12f8161459606d5d822d
  WeakMapTable: 05c694ce8439a7a9ebabb56187287a63c57673d6

PODFILE CHECKSUM: 9fe4ac082145ac4cd7b783c78104bf23d9b6b5bd

COCOAPODS: 1.10.1
